
Microsoft Visual Studio Solution File, Format Version 12.00
# Visual Studio 15
VisualStudioVersion = 15.0.27703.2035
MinimumVisualStudioVersion = 10.0.40219.1
Project("{9A19103F-16F7-4668-BE54-9A1E7A4F7556}") = "Core2Net.EF", "Core2Net.EF\Core2Net.EF.csproj", "{8B7FF452-465D-4572-A57E-38F9CB38E87C}"
EndProject
Project("{9A19103F-16F7-4668-BE54-9A1E7A4F7556}") = "Core2Net.Core", "Core2Net.Core\Core2Net.Core.csproj", "{DA74692D-0FF5-4DA9-8104-199F4C124D0D}"
EndProject
Project("{9A19103F-16F7-4668-BE54-9A1E7A4F7556}") = "Core2NetDrBinh.API", "Core2NetDrBinh.API\Core2NetDrBinh.API.csproj", "{11B888A9-76CE-4E3D-AF49-7D2189DBF699}"
EndProject
Project("{FAE04EC0-301F-11D3-BF4B-00C04F79EFBC}") = "DrBinhModel", "DrBinhModel\DrBinhModel.csproj", "{894B1BA0-D7E7-4226-97DA-18525AE31AD8}"
EndProject
Global
	GlobalSection(SolutionConfigurationPlatforms) = preSolution
		Debug|Any CPU = Debug|Any CPU
		Release|Any CPU = Release|Any CPU
	EndGlobalSection
	GlobalSection(ProjectConfigurationPlatforms) = postSolution
		{8B7FF452-465D-4572-A57E-38F9CB38E87C}.Debug|Any CPU.ActiveCfg = Debug|Any CPU
		{8B7FF452-465D-4572-A57E-38F9CB38E87C}.Debug|Any CPU.Build.0 = Debug|Any CPU
		{8B7FF452-465D-4572-A57E-38F9CB38E87C}.Release|Any CPU.ActiveCfg = Release|Any CPU
		{8B7FF452-465D-4572-A57E-38F9CB38E87C}.Release|Any CPU.Build.0 = Release|Any CPU
		{DA74692D-0FF5-4DA9-8104-199F4C124D0D}.Debug|Any CPU.ActiveCfg = Debug|Any CPU
		{DA74692D-0FF5-4DA9-8104-199F4C124D0D}.Debug|Any CPU.Build.0 = Debug|Any CPU
		{DA74692D-0FF5-4DA9-8104-199F4C124D0D}.Release|Any CPU.ActiveCfg = Release|Any CPU
		{DA74692D-0FF5-4DA9-8104-199F4C124D0D}.Release|Any CPU.Build.0 = Release|Any CPU
		{11B888A9-76CE-4E3D-AF49-7D2189DBF699}.Debug|Any CPU.ActiveCfg = Debug|Any CPU
		{11B888A9-76CE-4E3D-AF49-7D2189DBF699}.Debug|Any CPU.Build.0 = Debug|Any CPU
		{11B888A9-76CE-4E3D-AF49-7D2189DBF699}.Release|Any CPU.ActiveCfg = Release|Any CPU
		{11B888A9-76CE-4E3D-AF49-7D2189DBF699}.Release|Any CPU.Build.0 = Release|Any CPU
		{894B1BA0-D7E7-4226-97DA-18525AE31AD8}.Debug|Any CPU.ActiveCfg = Debug|Any CPU
		{894B1BA0-D7E7-4226-97DA-18525AE31AD8}.Debug|Any CPU.Build.0 = Debug|Any CPU
		{894B1BA0-D7E7-4226-97DA-18525AE31AD8}.Release|Any CPU.ActiveCfg = Release|Any CPU
		{894B1BA0-D7E7-4226-97DA-18525AE31AD8}.Release|Any CPU.Build.0 = Release|Any CPU
	EndGlobalSection
	GlobalSection(SolutionProperties) = preSolution
		HideSolutionNode = FALSE
	EndGlobalSection
	GlobalSection(ExtensibilityGlobals) = postSolution
		SolutionGuid = {94346845-0C06-44C2-A8DC-90A53FEC2023}
	EndGlobalSection
EndGlobal
